// !$*UTF8*$!
{
	archiveVersion = 1;
	classes = {
	};
	objectVersion = 46;
	objects = {

/* Begin PBXBuildFile section */
		6A286E0D19DAA3FB00871C68 /* Task.swift in Sources */ = {isa = PBXBuildFile; fileRef = 6A286E0C19DAA3FB00871C68 /* Task.swift */; };
		6A286E0F19DAB3DB00871C68 /* MyCell.swift in Sources */ = {isa = PBXBuildFile; fileRef = 6A286E0E19DAB3DB00871C68 /* MyCell.swift */; };
		6A34BAB619DA40EF00AAEE6B /* NewTaskForm.swift in Sources */ = {isa = PBXBuildFile; fileRef = 6A34BAB519DA40EF00AAEE6B /* NewTaskForm.swift */; };
		6A34BAB819DA410E00AAEE6B /* NewTaskController.swift in Sources */ = {isa = PBXBuildFile; fileRef = 6A34BAB719DA410E00AAEE6B /* NewTaskController.swift */; };
		6AD5897119DA3F8800B999E8 /* AppDelegate.swift in Sources */ = {isa = PBXBuildFile; fileRef = 6AD5897019DA3F8800B999E8 /* AppDelegate.swift */; };
		6AD5897419DA3F8800B999E8 /* Todo.xcdatamodeld in Sources */ = {isa = PBXBuildFile; fileRef = 6AD5897219DA3F8800B999E8 /* Todo.xcdatamodeld */; };
		6AD5897619DA3F8800B999E8 /* TaskListController.swift in Sources */ = {isa = PBXBuildFile; fileRef = 6AD5897519DA3F8800B999E8 /* TaskListController.swift */; };
		6AD5897B19DA3F8800B999E8 /* Images.xcassets in Resources */ = {isa = PBXBuildFile; fileRef = 6AD5897A19DA3F8800B999E8 /* Images.xcassets */; };
		6AD5897E19DA3F8800B999E8 /* LaunchScreen.xib in Resources */ = {isa = PBXBuildFile; fileRef = 6AD5897C19DA3F8800B999E8 /* LaunchScreen.xib */; };
		77592F51DF624183AE4BCC37 /* libPods-Todo.a in Frameworks */ = {isa = PBXBuildFile; fileRef = D6B86D5987934EA49ACD3028 /* libPods-Todo.a */; };
/* End PBXBuildFile section */

/* Begin PBXFileReference section */
		681B3F3C526C4A51BA44256F /* Pods-Todo.xcconfig */ = {isa = PBXFileReference; includeInIndex = 1; lastKnownFileType = text.xcconfig; name = "Pods-Todo.xcconfig"; path = "../Pods/Pods-Todo.xcconfig"; sourceTree = "<group>"; };
		6A286E0C19DAA3FB00871C68 /* Task.swift */ = {isa = PBXFileReference; fileEncoding = 4; lastKnownFileType = sourcecode.swift; path = Task.swift; sourceTree = "<group>"; };
		6A286E0E19DAB3DB00871C68 /* MyCell.swift */ = {isa = PBXFileReference; fileEncoding = 4; lastKnownFileType = sourcecode.swift; path = MyCell.swift; sourceTree = "<group>"; };
		6A34BAB519DA40EF00AAEE6B /* NewTaskForm.swift */ = {isa = PBXFileReference; fileEncoding = 4; lastKnownFileType = sourcecode.swift; path = NewTaskForm.swift; sourceTree = "<group>"; };
		6A34BAB719DA410E00AAEE6B /* NewTaskController.swift */ = {isa = PBXFileReference; fileEncoding = 4; lastKnownFileType = sourcecode.swift; path = NewTaskController.swift; sourceTree = "<group>"; };
		6AD5896B19DA3F8800B999E8 /* Todo.app */ = {isa = PBXFileReference; explicitFileType = wrapper.application; includeInIndex = 0; path = Todo.app; sourceTree = BUILT_PRODUCTS_DIR; };
		6AD5896F19DA3F8800B999E8 /* Info.plist */ = {isa = PBXFileReference; lastKnownFileType = text.plist.xml; path = Info.plist; sourceTree = "<group>"; };
		6AD5897019DA3F8800B999E8 /* AppDelegate.swift */ = {isa = PBXFileReference; lastKnownFileType = sourcecode.swift; path = AppDelegate.swift; sourceTree = "<group>"; };
		6AD5897319DA3F8800B999E8 /* Todo.xcdatamodel */ = {isa = PBXFileReference; lastKnownFileType = wrapper.xcdatamodel; path = Todo.xcdatamodel; sourceTree = "<group>"; };
		6AD5897519DA3F8800B999E8 /* TaskListController.swift */ = {isa = PBXFileReference; lastKnownFileType = sourcecode.swift; path = TaskListController.swift; sourceTree = "<group>"; };
		6AD5897A19DA3F8800B999E8 /* Images.xcassets */ = {isa = PBXFileReference; lastKnownFileType = folder.assetcatalog; path = Images.xcassets; sourceTree = "<group>"; };
		6AD5897D19DA3F8800B999E8 /* Base */ = {isa = PBXFileReference; lastKnownFileType = file.xib; name = Base; path = Base.lproj/LaunchScreen.xib; sourceTree = "<group>"; };
		6ADB683819DA4F2F006A26A4 /* Todo-Bridging-Header.h */ = {isa = PBXFileReference; lastKnownFileType = sourcecode.c.h; path = "Todo-Bridging-Header.h"; sourceTree = "<group>"; };
		D6B86D5987934EA49ACD3028 /* libPods-Todo.a */ = {isa = PBXFileReference; explicitFileType = archive.ar; includeInIndex = 0; path = "libPods-Todo.a"; sourceTree = BUILT_PRODUCTS_DIR; };
/* End PBXFileReference section */

/* Begin PBXFrameworksBuildPhase section */
		6AD5896819DA3F8800B999E8 /* Frameworks */ = {
			isa = PBXFrameworksBuildPhase;
			buildActionMask = 2147483647;
			files = (
				77592F51DF624183AE4BCC37 /* libPods-Todo.a in Frameworks */,
			);
			runOnlyForDeploymentPostprocessing = 0;
		};
/* End PBXFrameworksBuildPhase section */

/* Begin PBXGroup section */
		00A240EDE70D42D58DECD51F /* Frameworks */ = {
			isa = PBXGroup;
			children = (
				D6B86D5987934EA49ACD3028 /* libPods-Todo.a */,
			);
			name = Frameworks;
			sourceTree = "<group>";
		};
		6A34BAB219DA408800AAEE6B /* Controllers */ = {
			isa = PBXGroup;
			children = (
				6AD5897519DA3F8800B999E8 /* TaskListController.swift */,
				6A34BAB719DA410E00AAEE6B /* NewTaskController.swift */,
			);
			name = Controllers;
			sourceTree = "<group>";
		};
		6A34BAB319DA408D00AAEE6B /* Models */ = {
			isa = PBXGroup;
			children = (
				6AD5897219DA3F8800B999E8 /* Todo.xcdatamodeld */,
				6A286E0C19DAA3FB00871C68 /* Task.swift */,
			);
			name = Models;
			sourceTree = "<group>";
		};
		6A34BAB419DA40D600AAEE6B /* Forms */ = {
			isa = PBXGroup;
			children = (
				6A34BAB519DA40EF00AAEE6B /* NewTaskForm.swift */,
			);
			name = Forms;
			sourceTree = "<group>";
		};
		6AD5896219DA3F8800B999E8 = {
			isa = PBXGroup;
			children = (
				6AD5896D19DA3F8800B999E8 /* Todo */,
				6AD5896C19DA3F8800B999E8 /* Products */,
				00A240EDE70D42D58DECD51F /* Frameworks */,
			);
			sourceTree = "<group>";
		};
		6AD5896C19DA3F8800B999E8 /* Products */ = {
			isa = PBXGroup;
			children = (
				6AD5896B19DA3F8800B999E8 /* Todo.app */,
			);
			name = Products;
			sourceTree = "<group>";
		};
		6AD5896D19DA3F8800B999E8 /* Todo */ = {
			isa = PBXGroup;
			children = (
				6AD5897019DA3F8800B999E8 /* AppDelegate.swift */,
				6A34BAB319DA408D00AAEE6B /* Models */,
				6A34BAB219DA408800AAEE6B /* Controllers */,
				6A34BAB419DA40D600AAEE6B /* Forms */,
				6AD5896E19DA3F8800B999E8 /* Supporting Files */,
				6A286E0E19DAB3DB00871C68 /* MyCell.swift */,
			);
			path = Todo;
			sourceTree = "<group>";
		};
		6AD5896E19DA3F8800B999E8 /* Supporting Files */ = {
			isa = PBXGroup;
			children = (
				6ADB683819DA4F2F006A26A4 /* Todo-Bridging-Header.h */,
				681B3F3C526C4A51BA44256F /* Pods-Todo.xcconfig */,
				6AD5897A19DA3F8800B999E8 /* Images.xcassets */,
				6AD5897C19DA3F8800B999E8 /* LaunchScreen.xib */,
				6AD5896F19DA3F8800B999E8 /* Info.plist */,
			);
			name = "Supporting Files";
			sourceTree = "<group>";
		};
/* End PBXGroup section */

/* Begin PBXNativeTarget section */
		6AD5896A19DA3F8800B999E8 /* Todo */ = {
			isa = PBXNativeTarget;
			buildConfigurationList = 6AD5898D19DA3F8900B999E8 /* Build configuration list for PBXNativeTarget "Todo" */;
			buildPhases = (
				91F9E77E96EF4EE29FDEAB85 /* Check Pods Manifest.lock */,
				6AD5896719DA3F8800B999E8 /* Sources */,
				6AD5896819DA3F8800B999E8 /* Frameworks */,
				6AD5896919DA3F8800B999E8 /* Resources */,
				677F1B40D98841C0923ACF0B /* Copy Pods Resources */,
			);
			buildRules = (
			);
			dependencies = (
			);
			name = Todo;
			productName = Todo;
			productReference = 6AD5896B19DA3F8800B999E8 /* Todo.app */;
			productType = "com.apple.product-type.application";
		};
/* End PBXNativeTarget section */

/* Begin PBXProject section */
		6AD5896319DA3F8800B999E8 /* Project object */ = {
			isa = PBXProject;
			attributes = {
				LastUpgradeCheck = 0600;
				ORGANIZATIONNAME = willrax;
				TargetAttributes = {
					6AD5896A19DA3F8800B999E8 = {
						CreatedOnToolsVersion = 6.0;
					};
				};
			};
			buildConfigurationList = 6AD5896619DA3F8800B999E8 /* Build configuration list for PBXProject "Todo" */;
			compatibilityVersion = "Xcode 3.2";
			developmentRegion = English;
			hasScannedForEncodings = 0;
			knownRegions = (
				en,
				Base,
			);
			mainGroup = 6AD5896219DA3F8800B999E8;
			productRefGroup = 6AD5896C19DA3F8800B999E8 /* Products */;
			projectDirPath = "";
			projectRoot = "";
			targets = (
				6AD5896A19DA3F8800B999E8 /* Todo */,
			);
		};
/* End PBXProject section */

/* Begin PBXResourcesBuildPhase section */
		6AD5896919DA3F8800B999E8 /* Resources */ = {
			isa = PBXResourcesBuildPhase;
			buildActionMask = 2147483647;
			files = (
				6AD5897E19DA3F8800B999E8 /* LaunchScreen.xib in Resources */,
				6AD5897B19DA3F8800B999E8 /* Images.xcassets in Resources */,
			);
			runOnlyForDeploymentPostprocessing = 0;
		};
/* End PBXResourcesBuildPhase section */

/* Begin PBXShellScriptBuildPhase section */
		677F1B40D98841C0923ACF0B /* Copy Pods Resources */ = {
			isa = PBXShellScriptBuildPhase;
			buildActionMask = 2147483647;
			files = (
			);
			inputPaths = (
			);
			name = "Copy Pods Resources";
			outputPaths = (
			);
			runOnlyForDeploymentPostprocessing = 0;
			shellPath = /bin/sh;
			shellScript = "\"${SRCROOT}/Pods/Pods-Todo-resources.sh\"\n";
			showEnvVarsInLog = 0;
		};
		91F9E77E96EF4EE29FDEAB85 /* Check Pods Manifest.lock */ = {
			isa = PBXShellScriptBuildPhase;
			buildActionMask = 2147483647;
			files = (
			);
			inputPaths = (
			);
			name = "Check Pods Manifest.lock";
			outputPaths = (
			);
			runOnlyForDeploymentPostprocessing = 0;
			shellPath = /bin/sh;
			shellScript = "diff \"${PODS_ROOT}/../Podfile.lock\" \"${PODS_ROOT}/Manifest.lock\" > /dev/null\nif [[ $? != 0 ]] ; then\n    cat << EOM\nerror: The sandbox is not in sync with the Podfile.lock. Run 'pod install' or update your CocoaPods installation.\nEOM\n    exit 1\nfi\n";
			showEnvVarsInLog = 0;
		};
/* End PBXShellScriptBuildPhase section */

/* Begin PBXSourcesBuildPhase section */
		6AD5896719DA3F8800B999E8 /* Sources */ = {
			isa = PBXSourcesBuildPhase;
			buildActionMask = 2147483647;
			files = (
				6AD5897619DA3F8800B999E8 /* TaskListController.swift in Sources */,
				6A34BAB619DA40EF00AAEE6B /* NewTaskForm.swift in Sources */,
				6AD5897119DA3F8800B999E8 /* AppDelegate.swift in Sources */,
				6A34BAB819DA410E00AAEE6B /* NewTaskController.swift in Sources */,
				6A286E0F19DAB3DB00871C68 /* MyCell.swift in Sources */,
				6A286E0D19DAA3FB00871C68 /* Task.swift in Sources */,
				6AD5897419DA3F8800B999E8 /* Todo.xcdatamodeld in Sources */,
			);
			runOnlyForDeploymentPostprocessing = 0;
		};
/* End PBXSourcesBuildPhase section */

/* Begin PBXVariantGroup section */
		6AD5897C19DA3F8800B999E8 /* LaunchScreen.xib */ = {
			isa = PBXVariantGroup;
			children = (
				6AD5897D19DA3F8800B999E8 /* Base */,
			);
			name = LaunchScreen.xib;
			sourceTree = "<group>";
		};
/* End PBXVariantGroup section */

/* Begin XCBuildConfiguration section */
		6AD5898B19DA3F8900B999E8 /* Debug */ = {
			isa = XCBuildConfiguration;
			buildSettings = {
				ALWAYS_SEARCH_USER_PATHS = NO;
				CLANG_CXX_LANGUAGE_STANDARD = "gnu++0x";
				CLANG_CXX_LIBRARY = "libc++";
				CLANG_ENABLE_MODULES = YES;
				CLANG_ENABLE_OBJC_ARC = YES;
				CLANG_WARN_BOOL_CONVERSION = YES;
				CLANG_WARN_CONSTANT_CONVERSION = YES;
				CLANG_WARN_DIRECT_OBJC_ISA_USAGE = YES_ERROR;
				CLANG_WARN_EMPTY_BODY = YES;
				CLANG_WARN_ENUM_CONVERSION = YES;
				CLANG_WARN_INT_CONVERSION = YES;
				CLANG_WARN_OBJC_ROOT_CLASS = YES_ERROR;
				CLANG_WARN_UNREACHABLE_CODE = YES;
				CLANG_WARN__DUPLICATE_METHOD_MATCH = YES;
				"CODE_SIGN_IDENTITY[sdk=iphoneos*]" = "iPhone Developer";
				COPY_PHASE_STRIP = NO;
				ENABLE_STRICT_OBJC_MSGSEND = YES;
				GCC_C_LANGUAGE_STANDARD = gnu99;
				GCC_DYNAMIC_NO_PIC = NO;
				GCC_OPTIMIZATION_LEVEL = 0;
				GCC_PREPROCESSOR_DEFINITIONS = (
					"DEBUG=1",
					"$(inherited)",
				);
				GCC_SYMBOLS_PRIVATE_EXTERN = NO;
				GCC_WARN_64_TO_32_BIT_CONVERSION = YES;
				GCC_WARN_ABOUT_RETURN_TYPE = YES_ERROR;
				GCC_WARN_UNDECLARED_SELECTOR = YES;
				GCC_WARN_UNINITIALIZED_AUTOS = YES_AGGRESSIVE;
				GCC_WARN_UNUSED_FUNCTION = YES;
				GCC_WARN_UNUSED_VARIABLE = YES;
				IPHONEOS_DEPLOYMENT_TARGET = 8.0;
				MTL_ENABLE_DEBUG_INFO = YES;
				ONLY_ACTIVE_ARCH = YES;
				SDKROOT = iphoneos;
				SWIFT_OPTIMIZATION_LEVEL = "-Onone";
			};
			name = Debug;
		};
		6AD5898C19DA3F8900B999E8 /* Release */ = {
			isa = XCBuildConfiguration;
			buildSettings = {
				ALWAYS_SEARCH_USER_PATHS = NO;
				CLANG_CXX_LANGUAGE_STANDARD = "gnu++0x";
				CLANG_CXX_LIBRARY = "libc++";
				CLANG_ENABLE_MODULES = YES;
				CLANG_ENABLE_OBJC_ARC = YES;
				CLANG_WARN_BOOL_CONVERSION = YES;
				CLANG_WARN_CONSTANT_CONVERSION = YES;
				CLANG_WARN_DIRECT_OBJC_ISA_USAGE = YES_ERROR;
				CLANG_WARN_EMPTY_BODY = YES;
				CLANG_WARN_ENUM_CONVERSION = YES;
				CLANG_WARN_INT_CONVERSION = YES;
				CLANG_WARN_OBJC_ROOT_CLASS = YES_ERROR;
				CLANG_WARN_UNREACHABLE_CODE = YES;
				CLANG_WARN__DUPLICATE_METHOD_MATCH = YES;
				"CODE_SIGN_IDENTITY[sdk=iphoneos*]" = "iPhone Developer";
				COPY_PHASE_STRIP = YES;
				ENABLE_NS_ASSERTIONS = NO;
				ENABLE_STRICT_OBJC_MSGSEND = YES;
				GCC_C_LANGUAGE_STANDARD = gnu99;
				GCC_WARN_64_TO_32_BIT_CONVERSION = YES;
				GCC_WARN_ABOUT_RETURN_TYPE = YES_ERROR;
				GCC_WARN_UNDECLARED_SELECTOR = YES;
				GCC_WARN_UNINITIALIZED_AUTOS = YES_AGGRESSIVE;
				GCC_WARN_UNUSED_FUNCTION = YES;
				GCC_WARN_UNUSED_VARIABLE = YES;
				IPHONEOS_DEPLOYMENT_TARGET = 8.0;
				MTL_ENABLE_DEBUG_INFO = NO;
				SDKROOT = iphoneos;
				VALIDATE_PRODUCT = YES;
			};
			name = Release;
		};
		6AD5898E19DA3F8900B999E8 /* Debug */ = {
			isa = XCBuildConfiguration;
			baseConfigurationReference = 681B3F3C526C4A51BA44256F /* Pods-Todo.xcconfig */;
			buildSettings = {
				ASSETCATALOG_COMPILER_APPICON_NAME = AppIcon;
				CODE_SIGN_IDENTITY = "iPhone Developer";
				INFOPLIST_FILE = Todo/Info.plist;
				LD_RUNPATH_SEARCH_PATHS = "$(inherited) @executable_path/Frameworks";
				PRODUCT_NAME = "$(TARGET_NAME)";
				"SWIFT_OBJC_BRIDGING_HEADER[arch=*]" = "Todo/Todo-Bridging-Header.h";
			};
			name = Debug;
		};
		6AD5898F19DA3F8900B999E8 /* Release */ = {
			isa = XCBuildConfiguration;
			baseConfigurationReference = 681B3F3C526C4A51BA44256F /* Pods-Todo.xcconfig */;
			buildSettings = {
				ASSETCATALOG_COMPILER_APPICON_NAME = AppIcon;
				CODE_SIGN_IDENTITY = "iPhone Developer";
				INFOPLIST_FILE = Todo/Info.plist;
				LD_RUNPATH_SEARCH_PATHS = "$(inherited) @executable_path/Frameworks";
				PRODUCT_NAME = "$(TARGET_NAME)";
				"SWIFT_OBJC_BRIDGING_HEADER[arch=*]" = "Todo/Todo-Bridging-Header.h";
			};
			name = Release;
		};
/* End XCBuildConfiguration section */

/* Begin XCConfigurationList section */
		6AD5896619DA3F8800B999E8 /* Build configuration list for PBXProject "Todo" */ = {
			isa = XCConfigurationList;
			buildConfigurations = (
				6AD5898B19DA3F8900B999E8 /* Debug */,
				6AD5898C19DA3F8900B999E8 /* Release */,
			);
			defaultConfigurationIsVisible = 0;
			defaultConfigurationName = Release;
		};
		6AD5898D19DA3F8900B999E8 /* Build configuration list for PBXNativeTarget "Todo" */ = {
			isa = XCConfigurationList;
			buildConfigurations = (
				6AD5898E19DA3F8900B999E8 /* Debug */,
				6AD5898F19DA3F8900B999E8 /* Release */,
			);
			defaultConfigurationIsVisible = 0;
			defaultConfigurationName = Release;
		};
/* End XCConfigurationList section */

/* Begin XCVersionGroup section */
		6AD5897219DA3F8800B999E8 /* Todo.xcdatamodeld */ = {
			isa = XCVersionGroup;
			children = (
				6AD5897319DA3F8800B999E8 /* Todo.xcdatamodel */,
			);
			currentVersion = 6AD5897319DA3F8800B999E8 /* Todo.xcdatamodel */;
			path = Todo.xcdatamodeld;
			sourceTree = "<group>";
			versionGroupType = wrapper.xcdatamodel;
		};
/* End XCVersionGroup section */
	};
	rootObject = 6AD5896319DA3F8800B999E8 /* Project object */;
}
